// !$*UTF8*$!
{
	archiveVersion = 1;
	classes = {
	};
	objectVersion = 56;
	objects = {

/* Begin PBXBuildFile section */
		8A1A7C802D0AB99C006524F0 /* AppDelegate.swift in Sources */ = {isa = PBXBuildFile; fileRef = 8A1A7C7F2D0AB99C006524F0 /* AppDelegate.swift */; };
		8A1A7C822D0AB99C006524F0 /* SceneDelegate.swift in Sources */ = {isa = PBXBuildFile; fileRef = 8A1A7C812D0AB99C006524F0 /* SceneDelegate.swift */; };
		8A1A7C8C2D0AB99C006524F0 /* Base in Resources */ = {isa = PBXBuildFile; fileRef = 8A1A7C8B2D0AB99C006524F0 /* Base */; };
		8A1A7C972D0AB99C006524F0 /* RathiDemoTests.swift in Sources */ = {isa = PBXBuildFile; fileRef = 8A1A7C962D0AB99C006524F0 /* RathiDemoTests.swift */; };
		8A1A7CA12D0AB99C006524F0 /* RathiDemoUITests.swift in Sources */ = {isa = PBXBuildFile; fileRef = 8A1A7CA02D0AB99C006524F0 /* RathiDemoUITests.swift */; };
		8A1A7CA32D0AB99C006524F0 /* RathiDemoUITestsLaunchTests.swift in Sources */ = {isa = PBXBuildFile; fileRef = 8A1A7CA22D0AB99C006524F0 /* RathiDemoUITestsLaunchTests.swift */; };
		8A5DCC642D0ADE2100797A8A /* Crypto.swift in Sources */ = {isa = PBXBuildFile; fileRef = 8A5DCC632D0ADE2100797A8A /* Crypto.swift */; };
		8A5DCC662D0ADE4900797A8A /* CryptoListViewModel.swift in Sources */ = {isa = PBXBuildFile; fileRef = 8A5DCC652D0ADE4900797A8A /* CryptoListViewModel.swift */; };
		8A5DCC682D0ADF7100797A8A /* CryptoService.swift in Sources */ = {isa = PBXBuildFile; fileRef = 8A5DCC672D0ADF7100797A8A /* CryptoService.swift */; };
		8A5DCC6A2D0AE01B00797A8A /* CryptoListViewModelTests.swift in Sources */ = {isa = PBXBuildFile; fileRef = 8A5DCC692D0AE01B00797A8A /* CryptoListViewModelTests.swift */; };
		8A5DCC6C2D0AE06900797A8A /* CryptoListViewController.swift in Sources */ = {isa = PBXBuildFile; fileRef = 8A5DCC6B2D0AE06900797A8A /* CryptoListViewController.swift */; };
		8A5DCC6E2D0AED0700797A8A /* CryptoTableViewCell.swift in Sources */ = {isa = PBXBuildFile; fileRef = 8A5DCC6D2D0AED0700797A8A /* CryptoTableViewCell.swift */; };
		8A5DCC702D0AEF0D00797A8A /* UIColor+Extension.swift in Sources */ = {isa = PBXBuildFile; fileRef = 8A5DCC6F2D0AEF0D00797A8A /* UIColor+Extension.swift */; };
		8A5DCC722D0B134B00797A8A /* Assets.xcassets in Resources */ = {isa = PBXBuildFile; fileRef = 8A5DCC712D0B134B00797A8A /* Assets.xcassets */; };
		8A9EC0882D0AE4DF009AA2AB /* Main.storyboard in Resources */ = {isa = PBXBuildFile; fileRef = 8A9EC0862D0AE4DF009AA2AB /* Main.storyboard */; };
/* End PBXBuildFile section */

/* Begin PBXContainerItemProxy section */
		8A1A7C932D0AB99C006524F0 /* PBXContainerItemProxy */ = {
			isa = PBXContainerItemProxy;
			containerPortal = 8A1A7C742D0AB99C006524F0 /* Project object */;
			proxyType = 1;
			remoteGlobalIDString = 8A1A7C7B2D0AB99C006524F0;
			remoteInfo = RathiDemo;
		};
		8A1A7C9D2D0AB99C006524F0 /* PBXContainerItemProxy */ = {
			isa = PBXContainerItemProxy;
			containerPortal = 8A1A7C742D0AB99C006524F0 /* Project object */;
			proxyType = 1;
			remoteGlobalIDString = 8A1A7C7B2D0AB99C006524F0;
			remoteInfo = RathiDemo;
		};
/* End PBXContainerItemProxy section */

/* Begin PBXFileReference section */
		8A1A7C7C2D0AB99C006524F0 /* RathiDemo.app */ = {isa = PBXFileReference; explicitFileType = wrapper.application; includeInIndex = 0; path = RathiDemo.app; sourceTree = BUILT_PRODUCTS_DIR; };
		8A1A7C7F2D0AB99C006524F0 /* AppDelegate.swift */ = {isa = PBXFileReference; lastKnownFileType = sourcecode.swift; path = AppDelegate.swift; sourceTree = "<group>"; };
		8A1A7C812D0AB99C006524F0 /* SceneDelegate.swift */ = {isa = PBXFileReference; lastKnownFileType = sourcecode.swift; path = SceneDelegate.swift; sourceTree = "<group>"; };
		8A1A7C8B2D0AB99C006524F0 /* Base */ = {isa = PBXFileReference; lastKnownFileType = file.storyboard; name = Base; path = Base.lproj/LaunchScreen.storyboard; sourceTree = "<group>"; };
		8A1A7C8D2D0AB99C006524F0 /* Info.plist */ = {isa = PBXFileReference; lastKnownFileType = text.plist.xml; path = Info.plist; sourceTree = "<group>"; };
		8A1A7C922D0AB99C006524F0 /* RathiDemoTests.xctest */ = {isa = PBXFileReference; explicitFileType = wrapper.cfbundle; includeInIndex = 0; path = RathiDemoTests.xctest; sourceTree = BUILT_PRODUCTS_DIR; };
		8A1A7C962D0AB99C006524F0 /* RathiDemoTests.swift */ = {isa = PBXFileReference; lastKnownFileType = sourcecode.swift; path = RathiDemoTests.swift; sourceTree = "<group>"; };
		8A1A7C9C2D0AB99C006524F0 /* RathiDemoUITests.xctest */ = {isa = PBXFileReference; explicitFileType = wrapper.cfbundle; includeInIndex = 0; path = RathiDemoUITests.xctest; sourceTree = BUILT_PRODUCTS_DIR; };
		8A1A7CA02D0AB99C006524F0 /* RathiDemoUITests.swift */ = {isa = PBXFileReference; lastKnownFileType = sourcecode.swift; path = RathiDemoUITests.swift; sourceTree = "<group>"; };
		8A1A7CA22D0AB99C006524F0 /* RathiDemoUITestsLaunchTests.swift */ = {isa = PBXFileReference; lastKnownFileType = sourcecode.swift; path = RathiDemoUITestsLaunchTests.swift; sourceTree = "<group>"; };
		8A5DCC632D0ADE2100797A8A /* Crypto.swift */ = {isa = PBXFileReference; lastKnownFileType = sourcecode.swift; path = Crypto.swift; sourceTree = "<group>"; };
		8A5DCC652D0ADE4900797A8A /* CryptoListViewModel.swift */ = {isa = PBXFileReference; lastKnownFileType = sourcecode.swift; path = CryptoListViewModel.swift; sourceTree = "<group>"; };
		8A5DCC672D0ADF7100797A8A /* CryptoService.swift */ = {isa = PBXFileReference; lastKnownFileType = sourcecode.swift; path = CryptoService.swift; sourceTree = "<group>"; };
		8A5DCC692D0AE01B00797A8A /* CryptoListViewModelTests.swift */ = {isa = PBXFileReference; lastKnownFileType = sourcecode.swift; path = CryptoListViewModelTests.swift; sourceTree = "<group>"; };
		8A5DCC6B2D0AE06900797A8A /* CryptoListViewController.swift */ = {isa = PBXFileReference; lastKnownFileType = sourcecode.swift; path = CryptoListViewController.swift; sourceTree = "<group>"; };
		8A5DCC6D2D0AED0700797A8A /* CryptoTableViewCell.swift */ = {isa = PBXFileReference; lastKnownFileType = sourcecode.swift; path = CryptoTableViewCell.swift; sourceTree = "<group>"; };
		8A5DCC6F2D0AEF0D00797A8A /* UIColor+Extension.swift */ = {isa = PBXFileReference; lastKnownFileType = sourcecode.swift; path = "UIColor+Extension.swift"; sourceTree = "<group>"; };
		8A5DCC712D0B134B00797A8A /* Assets.xcassets */ = {isa = PBXFileReference; lastKnownFileType = folder.assetcatalog; path = Assets.xcassets; sourceTree = "<group>"; };
		8A9EC0872D0AE4DF009AA2AB /* Base */ = {isa = PBXFileReference; lastKnownFileType = file.storyboard; name = Base; path = Base.lproj/Main.storyboard; sourceTree = "<group>"; };
/* End PBXFileReference section */

/* Begin PBXFrameworksBuildPhase section */
		8A1A7C792D0AB99C006524F0 /* Frameworks */ = {
			isa = PBXFrameworksBuildPhase;
			buildActionMask = 2147483647;
			files = (
			);
			runOnlyForDeploymentPostprocessing = 0;
		};
		8A1A7C8F2D0AB99C006524F0 /* Frameworks */ = {
			isa = PBXFrameworksBuildPhase;
			buildActionMask = 2147483647;
			files = (
			);
			runOnlyForDeploymentPostprocessing = 0;
		};
		8A1A7C992D0AB99C006524F0 /* Frameworks */ = {
			isa = PBXFrameworksBuildPhase;
			buildActionMask = 2147483647;
			files = (
			);
			runOnlyForDeploymentPostprocessing = 0;
		};
/* End PBXFrameworksBuildPhase section */

/* Begin PBXGroup section */
		8A1A7C732D0AB99C006524F0 = {
			isa = PBXGroup;
			children = (
				8A1A7C7E2D0AB99C006524F0 /* RathiDemo */,
				8A1A7C952D0AB99C006524F0 /* RathiDemoTests */,
				8A1A7C9F2D0AB99C006524F0 /* RathiDemoUITests */,
				8A1A7C7D2D0AB99C006524F0 /* Products */,
			);
			sourceTree = "<group>";
		};
		8A1A7C7D2D0AB99C006524F0 /* Products */ = {
			isa = PBXGroup;
			children = (
				8A1A7C7C2D0AB99C006524F0 /* RathiDemo.app */,
				8A1A7C922D0AB99C006524F0 /* RathiDemoTests.xctest */,
				8A1A7C9C2D0AB99C006524F0 /* RathiDemoUITests.xctest */,
			);
			name = Products;
			sourceTree = "<group>";
		};
		8A1A7C7E2D0AB99C006524F0 /* RathiDemo */ = {
			isa = PBXGroup;
			children = (
				8A1A7C7F2D0AB99C006524F0 /* AppDelegate.swift */,
				8A1A7C812D0AB99C006524F0 /* SceneDelegate.swift */,
				8A1A7C8D2D0AB99C006524F0 /* Info.plist */,
				8A5DCC732D0C1E9800797A8A /* Models */,
				8A5DCC742D0C1EA200797A8A /* ViewModels */,
				8A5DCC752D0C1EAF00797A8A /* Service */,
				8A5DCC762D0C1EB700797A8A /* View controllers */,
				8A5DCC772D0C1ED500797A8A /* Views */,
				8A5DCC792D0C1EEF00797A8A /* Resource */,
				8A5DCC782D0C1EDE00797A8A /* Extension */,
			);
			path = RathiDemo;
			sourceTree = "<group>";
		};
		8A1A7C952D0AB99C006524F0 /* RathiDemoTests */ = {
			isa = PBXGroup;
			children = (
				8A1A7C962D0AB99C006524F0 /* RathiDemoTests.swift */,
				8A5DCC692D0AE01B00797A8A /* CryptoListViewModelTests.swift */,
			);
			path = RathiDemoTests;
			sourceTree = "<group>";
		};
		8A1A7C9F2D0AB99C006524F0 /* RathiDemoUITests */ = {
			isa = PBXGroup;
			children = (
				8A1A7CA02D0AB99C006524F0 /* RathiDemoUITests.swift */,
				8A1A7CA22D0AB99C006524F0 /* RathiDemoUITestsLaunchTests.swift */,
			);
			path = RathiDemoUITests;
			sourceTree = "<group>";
		};
		8A5DCC732D0C1E9800797A8A /* Models */ = {
			isa = PBXGroup;
			children = (
				8A5DCC632D0ADE2100797A8A /* Crypto.swift */,
			);
			path = Models;
			sourceTree = "<group>";
		};
		8A5DCC742D0C1EA200797A8A /* ViewModels */ = {
			isa = PBXGroup;
			children = (
				8A5DCC652D0ADE4900797A8A /* CryptoListViewModel.swift */,
			);
			path = ViewModels;
			sourceTree = "<group>";
		};
		8A5DCC752D0C1EAF00797A8A /* Service */ = {
			isa = PBXGroup;
			children = (
				8A5DCC672D0ADF7100797A8A /* CryptoService.swift */,
			);
			path = Service;
			sourceTree = "<group>";
		};
		8A5DCC762D0C1EB700797A8A /* View controllers */ = {
			isa = PBXGroup;
			children = (
				8A5DCC6B2D0AE06900797A8A /* CryptoListViewController.swift */,
			);
			path = "View controllers";
			sourceTree = "<group>";
		};
		8A5DCC772D0C1ED500797A8A /* Views */ = {
			isa = PBXGroup;
			children = (
				8A5DCC6D2D0AED0700797A8A /* CryptoTableViewCell.swift */,
			);
			path = Views;
			sourceTree = "<group>";
		};
		8A5DCC782D0C1EDE00797A8A /* Extension */ = {
			isa = PBXGroup;
			children = (
				8A5DCC6F2D0AEF0D00797A8A /* UIColor+Extension.swift */,
			);
			path = Extension;
			sourceTree = "<group>";
		};
		8A5DCC792D0C1EEF00797A8A /* Resource */ = {
			isa = PBXGroup;
			children = (
				8A5DCC712D0B134B00797A8A /* Assets.xcassets */,
				8A9EC0862D0AE4DF009AA2AB /* Main.storyboard */,
				8A1A7C8A2D0AB99C006524F0 /* LaunchScreen.storyboard */,
			);
			path = Resource;
			sourceTree = "<group>";
		};
/* End PBXGroup section */

/* Begin PBXNativeTarget section */
		8A1A7C7B2D0AB99C006524F0 /* RathiDemo */ = {
			isa = PBXNativeTarget;
			buildConfigurationList = 8A1A7CA62D0AB99C006524F0 /* Build configuration list for PBXNativeTarget "RathiDemo" */;
			buildPhases = (
				8A1A7C782D0AB99C006524F0 /* Sources */,
				8A1A7C792D0AB99C006524F0 /* Frameworks */,
				8A1A7C7A2D0AB99C006524F0 /* Resources */,
			);
			buildRules = (
			);
			dependencies = (
			);
			name = RathiDemo;
			productName = RathiDemo;
			productReference = 8A1A7C7C2D0AB99C006524F0 /* RathiDemo.app */;
			productType = "com.apple.product-type.application";
		};
		8A1A7C912D0AB99C006524F0 /* RathiDemoTests */ = {
			isa = PBXNativeTarget;
			buildConfigurationList = 8A1A7CA92D0AB99C006524F0 /* Build configuration list for PBXNativeTarget "RathiDemoTests" */;
			buildPhases = (
				8A1A7C8E2D0AB99C006524F0 /* Sources */,
				8A1A7C8F2D0AB99C006524F0 /* Frameworks */,
				8A1A7C902D0AB99C006524F0 /* Resources */,
			);
			buildRules = (
			);
			dependencies = (
				8A1A7C942D0AB99C006524F0 /* PBXTargetDependency */,
			);
			name = RathiDemoTests;
			productName = RathiDemoTests;
			productReference = 8A1A7C922D0AB99C006524F0 /* RathiDemoTests.xctest */;
			productType = "com.apple.product-type.bundle.unit-test";
		};
		8A1A7C9B2D0AB99C006524F0 /* RathiDemoUITests */ = {
			isa = PBXNativeTarget;
			buildConfigurationList = 8A1A7CAC2D0AB99C006524F0 /* Build configuration list for PBXNativeTarget "RathiDemoUITests" */;
			buildPhases = (
				8A1A7C982D0AB99C006524F0 /* Sources */,
				8A1A7C992D0AB99C006524F0 /* Frameworks */,
				8A1A7C9A2D0AB99C006524F0 /* Resources */,
			);
			buildRules = (
			);
			dependencies = (
				8A1A7C9E2D0AB99C006524F0 /* PBXTargetDependency */,
			);
			name = RathiDemoUITests;
			productName = RathiDemoUITests;
			productReference = 8A1A7C9C2D0AB99C006524F0 /* RathiDemoUITests.xctest */;
			productType = "com.apple.product-type.bundle.ui-testing";
		};
/* End PBXNativeTarget section */

/* Begin PBXProject section */
		8A1A7C742D0AB99C006524F0 /* Project object */ = {
			isa = PBXProject;
			attributes = {
				BuildIndependentTargetsInParallel = 1;
				LastSwiftUpdateCheck = 1540;
				LastUpgradeCheck = 1540;
				TargetAttributes = {
					8A1A7C7B2D0AB99C006524F0 = {
						CreatedOnToolsVersion = 15.4;
					};
					8A1A7C912D0AB99C006524F0 = {
						CreatedOnToolsVersion = 15.4;
						TestTargetID = 8A1A7C7B2D0AB99C006524F0;
					};
					8A1A7C9B2D0AB99C006524F0 = {
						CreatedOnToolsVersion = 15.4;
						TestTargetID = 8A1A7C7B2D0AB99C006524F0;
					};
				};
			};
			buildConfigurationList = 8A1A7C772D0AB99C006524F0 /* Build configuration list for PBXProject "RathiDemo" */;
			compatibilityVersion = "Xcode 14.0";
			developmentRegion = en;
			hasScannedForEncodings = 0;
			knownRegions = (
				en,
				Base,
			);
			mainGroup = 8A1A7C732D0AB99C006524F0;
			productRefGroup = 8A1A7C7D2D0AB99C006524F0 /* Products */;
			projectDirPath = "";
			projectRoot = "";
			targets = (
				8A1A7C7B2D0AB99C006524F0 /* RathiDemo */,
				8A1A7C912D0AB99C006524F0 /* RathiDemoTests */,
				8A1A7C9B2D0AB99C006524F0 /* RathiDemoUITests */,
			);
		};
/* End PBXProject section */

/* Begin PBXResourcesBuildPhase section */
		8A1A7C7A2D0AB99C006524F0 /* Resources */ = {
			isa = PBXResourcesBuildPhase;
			buildActionMask = 2147483647;
			files = (
				8A9EC0882D0AE4DF009AA2AB /* Main.storyboard in Resources */,
				8A5DCC722D0B134B00797A8A /* Assets.xcassets in Resources */,
				8A1A7C8C2D0AB99C006524F0 /* Base in Resources */,
			);
			runOnlyForDeploymentPostprocessing = 0;
		};
		8A1A7C902D0AB99C006524F0 /* Resources */ = {
			isa = PBXResourcesBuildPhase;
			buildActionMask = 2147483647;
			files = (
			);
			runOnlyForDeploymentPostprocessing = 0;
		};
		8A1A7C9A2D0AB99C006524F0 /* Resources */ = {
			isa = PBXResourcesBuildPhase;
			buildActionMask = 2147483647;
			files = (
			);
			runOnlyForDeploymentPostprocessing = 0;
		};
/* End PBXResourcesBuildPhase section */

/* Begin PBXSourcesBuildPhase section */
		8A1A7C782D0AB99C006524F0 /* Sources */ = {
			isa = PBXSourcesBuildPhase;
			buildActionMask = 2147483647;
			files = (
				8A5DCC6C2D0AE06900797A8A /* CryptoListViewController.swift in Sources */,
				8A5DCC662D0ADE4900797A8A /* CryptoListViewModel.swift in Sources */,
				8A5DCC642D0ADE2100797A8A /* Crypto.swift in Sources */,
				8A1A7C802D0AB99C006524F0 /* AppDelegate.swift in Sources */,
				8A5DCC682D0ADF7100797A8A /* CryptoService.swift in Sources */,
				8A1A7C822D0AB99C006524F0 /* SceneDelegate.swift in Sources */,
				8A5DCC6E2D0AED0700797A8A /* CryptoTableViewCell.swift in Sources */,
				8A5DCC702D0AEF0D00797A8A /* UIColor+Extension.swift in Sources */,
			);
			runOnlyForDeploymentPostprocessing = 0;
		};
		8A1A7C8E2D0AB99C006524F0 /* Sources */ = {
			isa = PBXSourcesBuildPhase;
			buildActionMask = 2147483647;
			files = (
				8A1A7C972D0AB99C006524F0 /* RathiDemoTests.swift in Sources */,
				8A5DCC6A2D0AE01B00797A8A /* CryptoListViewModelTests.swift in Sources */,
			);
			runOnlyForDeploymentPostprocessing = 0;
		};
		8A1A7C982D0AB99C006524F0 /* Sources */ = {
			isa = PBXSourcesBuildPhase;
			buildActionMask = 2147483647;
			files = (
				8A1A7CA32D0AB99C006524F0 /* RathiDemoUITestsLaunchTests.swift in Sources */,
				8A1A7CA12D0AB99C006524F0 /* RathiDemoUITests.swift in Sources */,
			);
			runOnlyForDeploymentPostprocessing = 0;
		};
/* End PBXSourcesBuildPhase section */

/* Begin PBXTargetDependency section */
		8A1A7C942D0AB99C006524F0 /* PBXTargetDependency */ = {
			isa = PBXTargetDependency;
			target = 8A1A7C7B2D0AB99C006524F0 /* RathiDemo */;
			targetProxy = 8A1A7C932D0AB99C006524F0 /* PBXContainerItemProxy */;
		};
		8A1A7C9E2D0AB99C006524F0 /* PBXTargetDependency */ = {
			isa = PBXTargetDependency;
			target = 8A1A7C7B2D0AB99C006524F0 /* RathiDemo */;
			targetProxy = 8A1A7C9D2D0AB99C006524F0 /* PBXContainerItemProxy */;
		};
/* End PBXTargetDependency section */

/* Begin PBXVariantGroup section */
		8A1A7C8A2D0AB99C006524F0 /* LaunchScreen.storyboard */ = {
			isa = PBXVariantGroup;
			children = (
				8A1A7C8B2D0AB99C006524F0 /* Base */,
			);
			name = LaunchScreen.storyboard;
			sourceTree = "<group>";
		};
		8A9EC0862D0AE4DF009AA2AB /* Main.storyboard */ = {
			isa = PBXVariantGroup;
			children = (
				8A9EC0872D0AE4DF009AA2AB /* Base */,
			);
			name = Main.storyboard;
			sourceTree = "<group>";
		};
/* End PBXVariantGroup section */

/* Begin XCBuildConfiguration section */
		8A1A7CA42D0AB99C006524F0 /* Debug */ = {
			isa = XCBuildConfiguration;
			buildSettings = {
				ALWAYS_SEARCH_USER_PATHS = NO;
				ASSETCATALOG_COMPILER_GENERATE_SWIFT_ASSET_SYMBOL_EXTENSIONS = YES;
				CLANG_ANALYZER_NONNULL = YES;
				CLANG_ANALYZER_NUMBER_OBJECT_CONVERSION = YES_AGGRESSIVE;
				CLANG_CXX_LANGUAGE_STANDARD = "gnu++20";
				CLANG_ENABLE_MODULES = YES;
				CLANG_ENABLE_OBJC_ARC = YES;
				CLANG_ENABLE_OBJC_WEAK = YES;
				CLANG_WARN_BLOCK_CAPTURE_AUTORELEASING = YES;
				CLANG_WARN_BOOL_CONVERSION = YES;
				CLANG_WARN_COMMA = YES;
				CLANG_WARN_CONSTANT_CONVERSION = YES;
				CLANG_WARN_DEPRECATED_OBJC_IMPLEMENTATIONS = YES;
				CLANG_WARN_DIRECT_OBJC_ISA_USAGE = YES_ERROR;
				CLANG_WARN_DOCUMENTATION_COMMENTS = YES;
				CLANG_WARN_EMPTY_BODY = YES;
				CLANG_WARN_ENUM_CONVERSION = YES;
				CLANG_WARN_INFINITE_RECURSION = YES;
				CLANG_WARN_INT_CONVERSION = YES;
				CLANG_WARN_NON_LITERAL_NULL_CONVERSION = YES;
				CLANG_WARN_OBJC_IMPLICIT_RETAIN_SELF = YES;
				CLANG_WARN_OBJC_LITERAL_CONVERSION = YES;
				CLANG_WARN_OBJC_ROOT_CLASS = YES_ERROR;
				CLANG_WARN_QUOTED_INCLUDE_IN_FRAMEWORK_HEADER = YES;
				CLANG_WARN_RANGE_LOOP_ANALYSIS = YES;
				CLANG_WARN_STRICT_PROTOTYPES = YES;
				CLANG_WARN_SUSPICIOUS_MOVE = YES;
				CLANG_WARN_UNGUARDED_AVAILABILITY = YES_AGGRESSIVE;
				CLANG_WARN_UNREACHABLE_CODE = YES;
				CLANG_WARN__DUPLICATE_METHOD_MATCH = YES;
				COPY_PHASE_STRIP = NO;
				DEBUG_INFORMATION_FORMAT = dwarf;
				ENABLE_STRICT_OBJC_MSGSEND = YES;
				ENABLE_TESTABILITY = YES;
				ENABLE_USER_SCRIPT_SANDBOXING = YES;
				GCC_C_LANGUAGE_STANDARD = gnu17;
				GCC_DYNAMIC_NO_PIC = NO;
				GCC_NO_COMMON_BLOCKS = YES;
				GCC_OPTIMIZATION_LEVEL = 0;
				GCC_PREPROCESSOR_DEFINITIONS = (
					"DEBUG=1",
					"$(inherited)",
				);
				GCC_WARN_64_TO_32_BIT_CONVERSION = YES;
				GCC_WARN_ABOUT_RETURN_TYPE = YES_ERROR;
				GCC_WARN_UNDECLARED_SELECTOR = YES;
				GCC_WARN_UNINITIALIZED_AUTOS = YES_AGGRESSIVE;
				GCC_WARN_UNUSED_FUNCTION = YES;
				GCC_WARN_UNUSED_VARIABLE = YES;
				IPHONEOS_DEPLOYMENT_TARGET = 15.0;
				LOCALIZATION_PREFERS_STRING_CATALOGS = YES;
				MACOSX_DEPLOYMENT_TARGET = 14.5;
				MTL_ENABLE_DEBUG_INFO = INCLUDE_SOURCE;
				MTL_FAST_MATH = YES;
				ONLY_ACTIVE_ARCH = YES;
				SDKROOT = iphoneos;
				SWIFT_ACTIVE_COMPILATION_CONDITIONS = "DEBUG $(inherited)";
				SWIFT_OPTIMIZATION_LEVEL = "-Onone";
			};
			name = Debug;
		};
		8A1A7CA52D0AB99C006524F0 /* Release */ = {
			isa = XCBuildConfiguration;
			buildSettings = {
				ALWAYS_SEARCH_USER_PATHS = NO;
				ASSETCATALOG_COMPILER_GENERATE_SWIFT_ASSET_SYMBOL_EXTENSIONS = YES;
				CLANG_ANALYZER_NONNULL = YES;
				CLANG_ANALYZER_NUMBER_OBJECT_CONVERSION = YES_AGGRESSIVE;
				CLANG_CXX_LANGUAGE_STANDARD = "gnu++20";
				CLANG_ENABLE_MODULES = YES;
				CLANG_ENABLE_OBJC_ARC = YES;
				CLANG_ENABLE_OBJC_WEAK = YES;
				CLANG_WARN_BLOCK_CAPTURE_AUTORELEASING = YES;
				CLANG_WARN_BOOL_CONVERSION = YES;
				CLANG_WARN_COMMA = YES;
				CLANG_WARN_CONSTANT_CONVERSION = YES;
				CLANG_WARN_DEPRECATED_OBJC_IMPLEMENTATIONS = YES;
				CLANG_WARN_DIRECT_OBJC_ISA_USAGE = YES_ERROR;
				CLANG_WARN_DOCUMENTATION_COMMENTS = YES;
				CLANG_WARN_EMPTY_BODY = YES;
				CLANG_WARN_ENUM_CONVERSION = YES;
				CLANG_WARN_INFINITE_RECURSION = YES;
				CLANG_WARN_INT_CONVERSION = YES;
				CLANG_WARN_NON_LITERAL_NULL_CONVERSION = YES;
				CLANG_WARN_OBJC_IMPLICIT_RETAIN_SELF = YES;
				CLANG_WARN_OBJC_LITERAL_CONVERSION = YES;
				CLANG_WARN_OBJC_ROOT_CLASS = YES_ERROR;
				CLANG_WARN_QUOTED_INCLUDE_IN_FRAMEWORK_HEADER = YES;
				CLANG_WARN_RANGE_LOOP_ANALYSIS = YES;
				CLANG_WARN_STRICT_PROTOTYPES = YES;
				CLANG_WARN_SUSPICIOUS_MOVE = YES;
				CLANG_WARN_UNGUARDED_AVAILABILITY = YES_AGGRESSIVE;
				CLANG_WARN_UNREACHABLE_CODE = YES;
				CLANG_WARN__DUPLICATE_METHOD_MATCH = YES;
				COPY_PHASE_STRIP = NO;
				DEBUG_INFORMATION_FORMAT = "dwarf-with-dsym";
				ENABLE_NS_ASSERTIONS = NO;
				ENABLE_STRICT_OBJC_MSGSEND = YES;
				ENABLE_USER_SCRIPT_SANDBOXING = YES;
				GCC_C_LANGUAGE_STANDARD = gnu17;
				GCC_NO_COMMON_BLOCKS = YES;
				GCC_WARN_64_TO_32_BIT_CONVERSION = YES;
				GCC_WARN_ABOUT_RETURN_TYPE = YES_ERROR;
				GCC_WARN_UNDECLARED_SELECTOR = YES;
				GCC_WARN_UNINITIALIZED_AUTOS = YES_AGGRESSIVE;
				GCC_WARN_UNUSED_FUNCTION = YES;
				GCC_WARN_UNUSED_VARIABLE = YES;
				IPHONEOS_DEPLOYMENT_TARGET = 15.0;
				LOCALIZATION_PREFERS_STRING_CATALOGS = YES;
				MACOSX_DEPLOYMENT_TARGET = 14.5;
				MTL_ENABLE_DEBUG_INFO = NO;
				MTL_FAST_MATH = YES;
				SDKROOT = iphoneos;
				SWIFT_COMPILATION_MODE = wholemodule;
				VALIDATE_PRODUCT = YES;
			};
			name = Release;
		};
		8A1A7CA72D0AB99C006524F0 /* Debug */ = {
			isa = XCBuildConfiguration;
			buildSettings = {
				ASSETCATALOG_COMPILER_APPICON_NAME = AppIcon;
				ASSETCATALOG_COMPILER_GLOBAL_ACCENT_COLOR_NAME = AccentColor;
				CODE_SIGN_STYLE = Automatic;
				CURRENT_PROJECT_VERSION = 1;
				GENERATE_INFOPLIST_FILE = YES;
				INFOPLIST_FILE = RathiDemo/Info.plist;
				INFOPLIST_KEY_UIApplicationSupportsIndirectInputEvents = YES;
				INFOPLIST_KEY_UILaunchStoryboardName = LaunchScreen;
				INFOPLIST_KEY_UIMainStoryboardFile = Main;
				INFOPLIST_KEY_UISupportedInterfaceOrientations = "UIInterfaceOrientationLandscapeLeft UIInterfaceOrientationLandscapeRight UIInterfaceOrientationPortrait";
				INFOPLIST_KEY_UISupportedInterfaceOrientations_iPad = "UIInterfaceOrientationLandscapeLeft UIInterfaceOrientationLandscapeRight UIInterfaceOrientationPortrait UIInterfaceOrientationPortraitUpsideDown";
				IPHONEOS_DEPLOYMENT_TARGET = 15.0;
				LD_RUNPATH_SEARCH_PATHS = (
					"$(inherited)",
					"@executable_path/Frameworks",
				);
				MARKETING_VERSION = 1.0;
				PRODUCT_BUNDLE_IDENTIFIER = com.rathi.RathiDemo;
				PRODUCT_NAME = "$(TARGET_NAME)";
				SUPPORTED_PLATFORMS = "iphoneos iphonesimulator macosx";
				SUPPORTS_MACCATALYST = NO;
				SWIFT_EMIT_LOC_STRINGS = YES;
				SWIFT_VERSION = 5.0;
				TARGETED_DEVICE_FAMILY = "1,2";
				TVOS_DEPLOYMENT_TARGET = 15.0;
			};
			name = Debug;
		};
		8A1A7CA82D0AB99C006524F0 /* Release */ = {
			isa = XCBuildConfiguration;
			buildSettings = {
				ASSETCATALOG_COMPILER_APPICON_NAME = AppIcon;
				ASSETCATALOG_COMPILER_GLOBAL_ACCENT_COLOR_NAME = AccentColor;
				CODE_SIGN_STYLE = Automatic;
				CURRENT_PROJECT_VERSION = 1;
				GENERATE_INFOPLIST_FILE = YES;
				INFOPLIST_FILE = RathiDemo/Info.plist;
				INFOPLIST_KEY_UIApplicationSupportsIndirectInputEvents = YES;
				INFOPLIST_KEY_UILaunchStoryboardName = LaunchScreen;
				INFOPLIST_KEY_UIMainStoryboardFile = Main;
				INFOPLIST_KEY_UISupportedInterfaceOrientations = "UIInterfaceOrientationLandscapeLeft UIInterfaceOrientationLandscapeRight UIInterfaceOrientationPortrait";
				INFOPLIST_KEY_UISupportedInterfaceOrientations_iPad = "UIInterfaceOrientationLandscapeLeft UIInterfaceOrientationLandscapeRight UIInterfaceOrientationPortrait UIInterfaceOrientationPortraitUpsideDown";
				IPHONEOS_DEPLOYMENT_TARGET = 15.0;
				LD_RUNPATH_SEARCH_PATHS = (
					"$(inherited)",
					"@executable_path/Frameworks",
				);
				MARKETING_VERSION = 1.0;
				PRODUCT_BUNDLE_IDENTIFIER = com.rathi.RathiDemo;
				PRODUCT_NAME = "$(TARGET_NAME)";
				SUPPORTED_PLATFORMS = "iphoneos iphonesimulator macosx";
				SUPPORTS_MACCATALYST = NO;
				SWIFT_EMIT_LOC_STRINGS = YES;
				SWIFT_VERSION = 5.0;
				TARGETED_DEVICE_FAMILY = "1,2";
				TVOS_DEPLOYMENT_TARGET = 15.0;
			};
			name = Release;
		};
		8A1A7CAA2D0AB99C006524F0 /* Debug */ = {
			isa = XCBuildConfiguration;
			buildSettings = {
				ALWAYS_EMBED_SWIFT_STANDARD_LIBRARIES = YES;
				BUNDLE_LOADER = "$(TEST_HOST)";
				CODE_SIGN_STYLE = Automatic;
				CURRENT_PROJECT_VERSION = 1;
				GENERATE_INFOPLIST_FILE = YES;
				IPHONEOS_DEPLOYMENT_TARGET = 15.0;
				MARKETING_VERSION = 1.0;
				PRODUCT_BUNDLE_IDENTIFIER = com.rathi.RathiDemoTests;
				PRODUCT_NAME = "$(TARGET_NAME)";
				SWIFT_EMIT_LOC_STRINGS = NO;
				SWIFT_VERSION = 5.0;
				TARGETED_DEVICE_FAMILY = "1,2";
				TEST_HOST = "$(BUILT_PRODUCTS_DIR)/RathiDemo.app/$(BUNDLE_EXECUTABLE_FOLDER_PATH)/RathiDemo";
			};
			name = Debug;
		};
		8A1A7CAB2D0AB99C006524F0 /* Release */ = {
			isa = XCBuildConfiguration;
			buildSettings = {
				ALWAYS_EMBED_SWIFT_STANDARD_LIBRARIES = YES;
				BUNDLE_LOADER = "$(TEST_HOST)";
				CODE_SIGN_STYLE = Automatic;
				CURRENT_PROJECT_VERSION = 1;
				GENERATE_INFOPLIST_FILE = YES;
				IPHONEOS_DEPLOYMENT_TARGET = 15.0;
				MARKETING_VERSION = 1.0;
				PRODUCT_BUNDLE_IDENTIFIER = com.rathi.RathiDemoTests;
				PRODUCT_NAME = "$(TARGET_NAME)";
				SWIFT_EMIT_LOC_STRINGS = NO;
				SWIFT_VERSION = 5.0;
				TARGETED_DEVICE_FAMILY = "1,2";
				TEST_HOST = "$(BUILT_PRODUCTS_DIR)/RathiDemo.app/$(BUNDLE_EXECUTABLE_FOLDER_PATH)/RathiDemo";
			};
			name = Release;
		};
		8A1A7CAD2D0AB99C006524F0 /* Debug */ = {
			isa = XCBuildConfiguration;
			buildSettings = {
				ALWAYS_EMBED_SWIFT_STANDARD_LIBRARIES = YES;
				CODE_SIGN_STYLE = Automatic;
				CURRENT_PROJECT_VERSION = 1;
				GENERATE_INFOPLIST_FILE = YES;
				MARKETING_VERSION = 1.0;
				PRODUCT_BUNDLE_IDENTIFIER = com.rathi.RathiDemoUITests;
				PRODUCT_NAME = "$(TARGET_NAME)";
				SWIFT_EMIT_LOC_STRINGS = NO;
				SWIFT_VERSION = 5.0;
				TARGETED_DEVICE_FAMILY = "1,2";
				TEST_TARGET_NAME = RathiDemo;
			};
			name = Debug;
		};
		8A1A7CAE2D0AB99C006524F0 /* Release */ = {
			isa = XCBuildConfiguration;
			buildSettings = {
				ALWAYS_EMBED_SWIFT_STANDARD_LIBRARIES = YES;
				CODE_SIGN_STYLE = Automatic;
				CURRENT_PROJECT_VERSION = 1;
				GENERATE_INFOPLIST_FILE = YES;
				MARKETING_VERSION = 1.0;
				PRODUCT_BUNDLE_IDENTIFIER = com.rathi.RathiDemoUITests;
				PRODUCT_NAME = "$(TARGET_NAME)";
				SWIFT_EMIT_LOC_STRINGS = NO;
				SWIFT_VERSION = 5.0;
				TARGETED_DEVICE_FAMILY = "1,2";
				TEST_TARGET_NAME = RathiDemo;
			};
			name = Release;
		};
/* End XCBuildConfiguration section */

/* Begin XCConfigurationList section */
		8A1A7C772D0AB99C006524F0 /* Build configuration list for PBXProject "RathiDemo" */ = {
			isa = XCConfigurationList;
			buildConfigurations = (
				8A1A7CA42D0AB99C006524F0 /* Debug */,
				8A1A7CA52D0AB99C006524F0 /* Release */,
			);
			defaultConfigurationIsVisible = 0;
			defaultConfigurationName = Release;
		};
		8A1A7CA62D0AB99C006524F0 /* Build configuration list for PBXNativeTarget "RathiDemo" */ = {
			isa = XCConfigurationList;
			buildConfigurations = (
				8A1A7CA72D0AB99C006524F0 /* Debug */,
				8A1A7CA82D0AB99C006524F0 /* Release */,
			);
			defaultConfigurationIsVisible = 0;
			defaultConfigurationName = Release;
		};
		8A1A7CA92D0AB99C006524F0 /* Build configuration list for PBXNativeTarget "RathiDemoTests" */ = {
			isa = XCConfigurationList;
			buildConfigurations = (
				8A1A7CAA2D0AB99C006524F0 /* Debug */,
				8A1A7CAB2D0AB99C006524F0 /* Release */,
			);
			defaultConfigurationIsVisible = 0;
			defaultConfigurationName = Release;
		};
		8A1A7CAC2D0AB99C006524F0 /* Build configuration list for PBXNativeTarget "RathiDemoUITests" */ = {
			isa = XCConfigurationList;
			buildConfigurations = (
				8A1A7CAD2D0AB99C006524F0 /* Debug */,
				8A1A7CAE2D0AB99C006524F0 /* Release */,
			);
			defaultConfigurationIsVisible = 0;
			defaultConfigurationName = Release;
		};
/* End XCConfigurationList section */
	};
	rootObject = 8A1A7C742D0AB99C006524F0 /* Project object */;
}
